
Microsoft Visual Studio Solution File, Format Version 12.00
# Visual Studio 15
VisualStudioVersion = 15.0.28307.572
MinimumVisualStudioVersion = 10.0.40219.1
Project("{FAE04EC0-301F-11D3-BF4B-00C04F79EFBC}") = "KlatsKlatsKlats", "KlatsKlatsKlats\KlatsKlatsKlats.csproj", "{64B0BABB-FDDF-4E52-922A-D49AD1C4792C}"
EndProject
Global
	GlobalSection(SolutionConfigurationPlatforms) = preSolution
		Debug|Any CPU = Debug|Any CPU
		Release|Any CPU = Release|Any CPU
	EndGlobalSection
	GlobalSection(ProjectConfigurationPlatforms) = postSolution
		{64B0BABB-FDDF-4E52-922A-D49AD1C4792C}.Debug|Any CPU.ActiveCfg = Debug|Any CPU
		{64B0BABB-FDDF-4E52-922A-D49AD1C4792C}.Debug|Any CPU.Build.0 = Debug|Any CPU
		{64B0BABB-FDDF-4E52-922A-D49AD1C4792C}.Release|Any CPU.ActiveCfg = Release|Any CPU
		{64B0BABB-FDDF-4E52-922A-D49AD1C4792C}.Release|Any CPU.Build.0 = Release|Any CPU
	EndGlobalSection
	GlobalSection(SolutionProperties) = preSolution
		HideSolutionNode = FALSE
	EndGlobalSection
	GlobalSection(ExtensibilityGlobals) = postSolution
		SolutionGuid = {988D2E16-A410-45F1-B968-1A4D077BF1D2}
	EndGlobalSection
EndGlobal
