
Microsoft Visual Studio Solution File, Format Version 12.00
# Visual Studio 15
VisualStudioVersion = 15.0.28307.572
MinimumVisualStudioVersion = 10.0.40219.1
Project("{FAE04EC0-301F-11D3-BF4B-00C04F79EFBC}") = "Chabra_Kadabra", "Chabra_Kadabra\Chabra_Kadabra.csproj", "{94C4A2D3-534B-43C5-B0A4-55F2C859A72C}"
EndProject
Global
	GlobalSection(SolutionConfigurationPlatforms) = preSolution
		Debug|Any CPU = Debug|Any CPU
		Release|Any CPU = Release|Any CPU
	EndGlobalSection
	GlobalSection(ProjectConfigurationPlatforms) = postSolution
		{94C4A2D3-534B-43C5-B0A4-55F2C859A72C}.Debug|Any CPU.ActiveCfg = Debug|Any CPU
		{94C4A2D3-534B-43C5-B0A4-55F2C859A72C}.Debug|Any CPU.Build.0 = Debug|Any CPU
		{94C4A2D3-534B-43C5-B0A4-55F2C859A72C}.Release|Any CPU.ActiveCfg = Release|Any CPU
		{94C4A2D3-534B-43C5-B0A4-55F2C859A72C}.Release|Any CPU.Build.0 = Release|Any CPU
	EndGlobalSection
	GlobalSection(SolutionProperties) = preSolution
		HideSolutionNode = FALSE
	EndGlobalSection
	GlobalSection(ExtensibilityGlobals) = postSolution
		SolutionGuid = {11830FC8-CBDC-4485-8FE2-D87E4D517384}
	EndGlobalSection
EndGlobal
