
Microsoft Visual Studio Solution File, Format Version 12.00
# Visual Studio 15
VisualStudioVersion = 15.0.28307.572
MinimumVisualStudioVersion = 10.0.40219.1
Project("{FAE04EC0-301F-11D3-BF4B-00C04F79EFBC}") = "radiobutton_checkbox_Yeah", "radiobutton_checkbox_Yeah\radiobutton_checkbox_Yeah.csproj", "{193F3400-DFDB-4F97-84BA-7EE763B7AE0D}"
EndProject
Global
	GlobalSection(SolutionConfigurationPlatforms) = preSolution
		Debug|Any CPU = Debug|Any CPU
		Release|Any CPU = Release|Any CPU
	EndGlobalSection
	GlobalSection(ProjectConfigurationPlatforms) = postSolution
		{193F3400-DFDB-4F97-84BA-7EE763B7AE0D}.Debug|Any CPU.ActiveCfg = Debug|Any CPU
		{193F3400-DFDB-4F97-84BA-7EE763B7AE0D}.Debug|Any CPU.Build.0 = Debug|Any CPU
		{193F3400-DFDB-4F97-84BA-7EE763B7AE0D}.Release|Any CPU.ActiveCfg = Release|Any CPU
		{193F3400-DFDB-4F97-84BA-7EE763B7AE0D}.Release|Any CPU.Build.0 = Release|Any CPU
	EndGlobalSection
	GlobalSection(SolutionProperties) = preSolution
		HideSolutionNode = FALSE
	EndGlobalSection
	GlobalSection(ExtensibilityGlobals) = postSolution
		SolutionGuid = {ACED658C-B573-4C8A-8817-43DBA19D9CC2}
	EndGlobalSection
EndGlobal
